
Microsoft Visual Studio Solution File, Format Version 12.00
# Visual Studio 15
VisualStudioVersion = 15.0.28010.2041
MinimumVisualStudioVersion = 10.0.40219.1
Project("{888888A0-9F3D-457C-B088-3A5042F75D52}") = "website", "website.pyproj", "{1DD90E6A-B9B0-41BC-8BB5-465CF74E015F}"
EndProject
Global
	GlobalSection(SolutionConfigurationPlatforms) = preSolution
		Debug|Any CPU = Debug|Any CPU
		Release|Any CPU = Release|Any CPU
	EndGlobalSection
	GlobalSection(ProjectConfigurationPlatforms) = postSolution
		{1DD90E6A-B9B0-41BC-8BB5-465CF74E015F}.Debug|Any CPU.ActiveCfg = Debug|Any CPU
		{1DD90E6A-B9B0-41BC-8BB5-465CF74E015F}.Debug|Any CPU.Build.0 = Debug|Any CPU
		{1DD90E6A-B9B0-41BC-8BB5-465CF74E015F}.Release|Any CPU.ActiveCfg = Release|Any CPU
		{1DD90E6A-B9B0-41BC-8BB5-465CF74E015F}.Release|Any CPU.Build.0 = Release|Any CPU
	EndGlobalSection
	GlobalSection(SolutionProperties) = preSolution
		HideSolutionNode = FALSE
	EndGlobalSection
	GlobalSection(ExtensibilityGlobals) = postSolution
		SolutionGuid = {12F7D3C7-B197-43C8-B259-90454E8DC844}
	EndGlobalSection
EndGlobal
